
Microsoft Visual Studio Solution File, Format Version 12.00
# Visual Studio Version 16
VisualStudioVersion = 16.0.30011.22
MinimumVisualStudioVersion = 10.0.40219.1
Project("{FAE04EC0-301F-11D3-BF4B-00C04F79EFBC}") = "Projekt", "Projekt.csproj", "{0BA01D7A-CF33-4511-9747-7D0C071D289E}"
EndProject
Global
	GlobalSection(SolutionConfigurationPlatforms) = preSolution
		Debug|Any CPU = Debug|Any CPU
		Release|Any CPU = Release|Any CPU
	EndGlobalSection
	GlobalSection(ProjectConfigurationPlatforms) = postSolution
		{0BA01D7A-CF33-4511-9747-7D0C071D289E}.Debug|Any CPU.ActiveCfg = Debug|Any CPU
		{0BA01D7A-CF33-4511-9747-7D0C071D289E}.Debug|Any CPU.Build.0 = Debug|Any CPU
		{0BA01D7A-CF33-4511-9747-7D0C071D289E}.Release|Any CPU.ActiveCfg = Release|Any CPU
		{0BA01D7A-CF33-4511-9747-7D0C071D289E}.Release|Any CPU.Build.0 = Release|Any CPU
	EndGlobalSection
	GlobalSection(SolutionProperties) = preSolution
		HideSolutionNode = FALSE
	EndGlobalSection
	GlobalSection(ExtensibilityGlobals) = postSolution
		SolutionGuid = {01476913-485E-43D4-9A09-B88366A524B1}
	EndGlobalSection
EndGlobal
